
Microsoft Visual Studio Solution File, Format Version 12.00
# Visual Studio 2012
Project("{FAE04EC0-301F-11D3-BF4B-00C04F79EFBC}") = "SampleWebsite.Web", "SampleWebsite.Web\SampleWebsite.Web.csproj", "{CA1F2E67-1989-452B-A52D-9CA074C8EFAA}"
EndProject
Project("{FAE04EC0-301F-11D3-BF4B-00C04F79EFBC}") = "SampleWebsite.Data", "SampleWebsite.Data\SampleWebsite.Data.csproj", "{8C9C913D-EAEB-4637-8CE2-92B478A9DBF0}"
EndProject
Project("{FAE04EC0-301F-11D3-BF4B-00C04F79EFBC}") = "SampleWebsite.Model", "SampleWebsite.Model\SampleWebsite.Model.csproj", "{8A92326C-6946-486E-86EA-198238AB5583}"
EndProject
Global
	GlobalSection(SolutionConfigurationPlatforms) = preSolution
		Debug|Any CPU = Debug|Any CPU
		Release|Any CPU = Release|Any CPU
	EndGlobalSection
	GlobalSection(ProjectConfigurationPlatforms) = postSolution
		{CA1F2E67-1989-452B-A52D-9CA074C8EFAA}.Debug|Any CPU.ActiveCfg = Debug|Any CPU
		{CA1F2E67-1989-452B-A52D-9CA074C8EFAA}.Debug|Any CPU.Build.0 = Debug|Any CPU
		{CA1F2E67-1989-452B-A52D-9CA074C8EFAA}.Release|Any CPU.ActiveCfg = Release|Any CPU
		{CA1F2E67-1989-452B-A52D-9CA074C8EFAA}.Release|Any CPU.Build.0 = Release|Any CPU
		{8C9C913D-EAEB-4637-8CE2-92B478A9DBF0}.Debug|Any CPU.ActiveCfg = Debug|Any CPU
		{8C9C913D-EAEB-4637-8CE2-92B478A9DBF0}.Debug|Any CPU.Build.0 = Debug|Any CPU
		{8C9C913D-EAEB-4637-8CE2-92B478A9DBF0}.Release|Any CPU.ActiveCfg = Release|Any CPU
		{8C9C913D-EAEB-4637-8CE2-92B478A9DBF0}.Release|Any CPU.Build.0 = Release|Any CPU
		{8A92326C-6946-486E-86EA-198238AB5583}.Debug|Any CPU.ActiveCfg = Debug|Any CPU
		{8A92326C-6946-486E-86EA-198238AB5583}.Debug|Any CPU.Build.0 = Debug|Any CPU
		{8A92326C-6946-486E-86EA-198238AB5583}.Release|Any CPU.ActiveCfg = Release|Any CPU
		{8A92326C-6946-486E-86EA-198238AB5583}.Release|Any CPU.Build.0 = Release|Any CPU
	EndGlobalSection
	GlobalSection(SolutionProperties) = preSolution
		HideSolutionNode = FALSE
	EndGlobalSection
EndGlobal
